// !$*UTF8*$!
{
	archiveVersion = 1;
	classes = {
	};
	objectVersion = 60;
	objects = {

/* Begin PBXBuildFile section */
		3003F3972FBC70490058EE20 /* OneSignalFramework in Frameworks */ = {isa = PBXBuildFile; productRef = 3003F3962FBC70490058EE20 /* OneSignalFramework */; };
		3003F3A62FBC855C0058EE20 /* OneSignalBootstrap.swift in Sources */ = {isa = PBXBuildFile; fileRef = 3003F39F2FBC855C0058EE20 /* OneSignalBootstrap.swift */; };
		3003F3A72FBC855C0058EE20 /* InstallationIdentifierStore.swift in Sources */ = {isa = PBXBuildFile; fileRef = 3003F39A2FBC855C0058EE20 /* InstallationIdentifierStore.swift */; };
		3003F3A82FBC855C0058EE20 /* LoadingView.swift in Sources */ = {isa = PBXBuildFile; fileRef = 3003F39D2FBC855C0058EE20 /* LoadingView.swift */; };
		3003F3A92FBC855C0058EE20 /* LoadingFlowViewModel.swift in Sources */ = {isa = PBXBuildFile; fileRef = 3003F39C2FBC855C0058EE20 /* LoadingFlowViewModel.swift */; };
		3003F3AA2FBC855C0058EE20 /* NetworkReachability.swift in Sources */ = {isa = PBXBuildFile; fileRef = 3003F39E2FBC855C0058EE20 /* NetworkReachability.swift */; };
		3003F3AB2FBC855C0058EE20 /* RemoteGateDecisionStore.swift in Sources */ = {isa = PBXBuildFile; fileRef = 3003F3A02FBC855C0058EE20 /* RemoteGateDecisionStore.swift */; };
		3003F3AC2FBC855C0058EE20 /* RemoteGateService.swift in Sources */ = {isa = PBXBuildFile; fileRef = 3003F3A12FBC855C0058EE20 /* RemoteGateService.swift */; };
		3003F3AD2FBC855C0058EE20 /* AppGateRootView.swift in Sources */ = {isa = PBXBuildFile; fileRef = 3003F3982FBC855C0058EE20 /* AppGateRootView.swift */; };
		3003F3AE2FBC855C0058EE20 /* WebviewVCRepresentable.swift in Sources */ = {isa = PBXBuildFile; fileRef = 3003F3A42FBC855C0058EE20 /* WebviewVCRepresentable.swift */; };
		3003F3AF2FBC855C0058EE20 /* WebviewVC.swift in Sources */ = {isa = PBXBuildFile; fileRef = 3003F3A32FBC855C0058EE20 /* WebviewVC.swift */; };
		3003F3B02FBC855C0058EE20 /* LoadingConfig.swift in Sources */ = {isa = PBXBuildFile; fileRef = 3003F39B2FBC855C0058EE20 /* LoadingConfig.swift */; };
		3003F3B12FBC855C0058EE20 /* URLAppendingUUID.swift in Sources */ = {isa = PBXBuildFile; fileRef = 3003F3A22FBC855C0058EE20 /* URLAppendingUUID.swift */; };
		3003F3B22FBC855C0058EE20 /* DeviceQueryParameters.swift in Sources */ = {isa = PBXBuildFile; fileRef = 3003F3992FBC855C0058EE20 /* DeviceQueryParameters.swift */; };
		305A63E32FB3A9DF00067722 /* Assets.xcassets in Resources */ = {isa = PBXBuildFile; fileRef = 305A63DA2FB3A9DF00067722 /* Assets.xcassets */; };
		305A63E52FB3A9DF00067722 /* LaunchScreen.storyboard in Resources */ = {isa = PBXBuildFile; fileRef = 305A63DD2FB3A9DF00067722 /* LaunchScreen.storyboard */; };
		305A63E62FB3A9DF00067722 /* Main.storyboard in Resources */ = {isa = PBXBuildFile; fileRef = 305A63DF2FB3A9DF00067722 /* Main.storyboard */; };
		305A63E72FB3A9DF00067722 /* ContentView.swift in Sources */ = {isa = PBXBuildFile; fileRef = 305A63A32FB3A9DF00067722 /* ContentView.swift */; };
		305A63E82FB3A9DF00067722 /* AppStorage.swift in Sources */ = {isa = PBXBuildFile; fileRef = 305A63A52FB3A9DF00067722 /* AppStorage.swift */; };
		305A63E92FB3A9DF00067722 /* CultureTipsProvider.swift in Sources */ = {isa = PBXBuildFile; fileRef = 305A63A72FB3A9DF00067722 /* CultureTipsProvider.swift */; };
		305A63EA2FB3A9DF00067722 /* TabCoordinator.swift in Sources */ = {isa = PBXBuildFile; fileRef = 305A63A92FB3A9DF00067722 /* TabCoordinator.swift */; };
		305A63EB2FB3A9DF00067722 /* AppNotifications.swift in Sources */ = {isa = PBXBuildFile; fileRef = 305A63AB2FB3A9DF00067722 /* AppNotifications.swift */; };
		305A63EC2FB3A9DF00067722 /* AppPrimaryButtonStyle.swift in Sources */ = {isa = PBXBuildFile; fileRef = 305A63AE2FB3A9DF00067722 /* AppPrimaryButtonStyle.swift */; };
		305A63ED2FB3A9DF00067722 /* CultureCartographerView.swift in Sources */ = {isa = PBXBuildFile; fileRef = 305A63B02FB3A9DF00067722 /* CultureCartographerView.swift */; };
		305A63EE2FB3A9DF00067722 /* CultureCartographerViewModel.swift in Sources */ = {isa = PBXBuildFile; fileRef = 305A63B12FB3A9DF00067722 /* CultureCartographerViewModel.swift */; };
		305A63EF2FB3A9DF00067722 /* HabitHubExplorerView.swift in Sources */ = {isa = PBXBuildFile; fileRef = 305A63B32FB3A9DF00067722 /* HabitHubExplorerView.swift */; };
		305A63F02FB3A9DF00067722 /* HabitHubViewModel.swift in Sources */ = {isa = PBXBuildFile; fileRef = 305A63B42FB3A9DF00067722 /* HabitHubViewModel.swift */; };
		305A63F12FB3A9DF00067722 /* StorySilhouetteView.swift in Sources */ = {isa = PBXBuildFile; fileRef = 305A63B62FB3A9DF00067722 /* StorySilhouetteView.swift */; };
		305A63F22FB3A9DF00067722 /* StorySilhouetteViewModel.swift in Sources */ = {isa = PBXBuildFile; fileRef = 305A63B72FB3A9DF00067722 /* StorySilhouetteViewModel.swift */; };
		305A63F32FB3A9DF00067722 /* CollectionCatalog.swift in Sources */ = {isa = PBXBuildFile; fileRef = 305A63BA2FB3A9DF00067722 /* CollectionCatalog.swift */; };
		305A63F42FB3A9DF00067722 /* CollectionDetailView.swift in Sources */ = {isa = PBXBuildFile; fileRef = 305A63BB2FB3A9DF00067722 /* CollectionDetailView.swift */; };
		305A63F52FB3A9DF00067722 /* CollectionsView.swift in Sources */ = {isa = PBXBuildFile; fileRef = 305A63BC2FB3A9DF00067722 /* CollectionsView.swift */; };
		305A63F62FB3A9DF00067722 /* AppDepthStyle.swift in Sources */ = {isa = PBXBuildFile; fileRef = 305A63BE2FB3A9DF00067722 /* AppDepthStyle.swift */; };
		305A63F72FB3A9DF00067722 /* LevelPickerCell.swift in Sources */ = {isa = PBXBuildFile; fileRef = 305A63C02FB3A9DF00067722 /* LevelPickerCell.swift */; };
		305A63F82FB3A9DF00067722 /* ActivitySelectionView.swift in Sources */ = {isa = PBXBuildFile; fileRef = 305A63C22FB3A9DF00067722 /* ActivitySelectionView.swift */; };
		305A63F92FB3A9DF00067722 /* CartographerStageListView.swift in Sources */ = {isa = PBXBuildFile; fileRef = 305A63C32FB3A9DF00067722 /* CartographerStageListView.swift */; };
		305A63FA2FB3A9DF00067722 /* ExploreRootView.swift in Sources */ = {isa = PBXBuildFile; fileRef = 305A63C42FB3A9DF00067722 /* ExploreRootView.swift */; };
		305A63FB2FB3A9DF00067722 /* SilhouettePuzzleListView.swift in Sources */ = {isa = PBXBuildFile; fileRef = 305A63C52FB3A9DF00067722 /* SilhouettePuzzleListView.swift */; };
		305A63FC2FB3A9DF00067722 /* HomeView.swift in Sources */ = {isa = PBXBuildFile; fileRef = 305A63C72FB3A9DF00067722 /* HomeView.swift */; };
		305A63FD2FB3A9DF00067722 /* FieldJournalView.swift in Sources */ = {isa = PBXBuildFile; fileRef = 305A63C92FB3A9DF00067722 /* FieldJournalView.swift */; };
		305A63FE2FB3A9DF00067722 /* JourneysView.swift in Sources */ = {isa = PBXBuildFile; fileRef = 305A63CB2FB3A9DF00067722 /* JourneysView.swift */; };
		305A63FF2FB3A9DF00067722 /* MainTabView.swift in Sources */ = {isa = PBXBuildFile; fileRef = 305A63CD2FB3A9DF00067722 /* MainTabView.swift */; };
		305A64002FB3A9DF00067722 /* OnboardingView.swift in Sources */ = {isa = PBXBuildFile; fileRef = 305A63CF2FB3A9DF00067722 /* OnboardingView.swift */; };
		305A64012FB3A9DF00067722 /* WeeklyProgressSection.swift in Sources */ = {isa = PBXBuildFile; fileRef = 305A63D12FB3A9DF00067722 /* WeeklyProgressSection.swift */; };
		305A64022FB3A9DF00067722 /* ActivityResultView.swift in Sources */ = {isa = PBXBuildFile; fileRef = 305A63D32FB3A9DF00067722 /* ActivityResultView.swift */; };
		305A64032FB3A9DF00067722 /* AppExternalLink.swift in Sources */ = {isa = PBXBuildFile; fileRef = 305A63D52FB3A9DF00067722 /* AppExternalLink.swift */; };
		305A64042FB3A9DF00067722 /* SettingsView.swift in Sources */ = {isa = PBXBuildFile; fileRef = 305A63D62FB3A9DF00067722 /* SettingsView.swift */; };
		305A64052FB3A9DF00067722 /* AppDelegate.swift in Sources */ = {isa = PBXBuildFile; fileRef = 305A63D92FB3A9DF00067722 /* AppDelegate.swift */; };
		305A64062FB3A9DF00067722 /* SceneDelegate.swift in Sources */ = {isa = PBXBuildFile; fileRef = 305A63E02FB3A9DF00067722 /* SceneDelegate.swift */; };
		305A64072FB3A9DF00067722 /* ViewController.swift in Sources */ = {isa = PBXBuildFile; fileRef = 305A63E12FB3A9DF00067722 /* ViewController.swift */; };
/* End PBXBuildFile section */

/* Begin PBXFileReference section */
		0740AA585C87EDA3AB9CEB27 /* Pods_151BorgrulslultroBrenrox.framework */ = {isa = PBXFileReference; explicitFileType = wrapper.framework; includeInIndex = 0; path = Pods_151BorgrulslultroBrenrox.framework; sourceTree = BUILT_PRODUCTS_DIR; };
		3003F3982FBC855C0058EE20 /* AppGateRootView.swift */ = {isa = PBXFileReference; lastKnownFileType = sourcecode.swift; path = AppGateRootView.swift; sourceTree = "<group>"; };
		3003F3992FBC855C0058EE20 /* DeviceQueryParameters.swift */ = {isa = PBXFileReference; lastKnownFileType = sourcecode.swift; path = DeviceQueryParameters.swift; sourceTree = "<group>"; };
		3003F39A2FBC855C0058EE20 /* InstallationIdentifierStore.swift */ = {isa = PBXFileReference; lastKnownFileType = sourcecode.swift; path = InstallationIdentifierStore.swift; sourceTree = "<group>"; };
		3003F39B2FBC855C0058EE20 /* LoadingConfig.swift */ = {isa = PBXFileReference; lastKnownFileType = sourcecode.swift; path = LoadingConfig.swift; sourceTree = "<group>"; };
		3003F39C2FBC855C0058EE20 /* LoadingFlowViewModel.swift */ = {isa = PBXFileReference; lastKnownFileType = sourcecode.swift; path = LoadingFlowViewModel.swift; sourceTree = "<group>"; };
		3003F39D2FBC855C0058EE20 /* LoadingView.swift */ = {isa = PBXFileReference; lastKnownFileType = sourcecode.swift; path = LoadingView.swift; sourceTree = "<group>"; };
		3003F39E2FBC855C0058EE20 /* NetworkReachability.swift */ = {isa = PBXFileReference; lastKnownFileType = sourcecode.swift; path = NetworkReachability.swift; sourceTree = "<group>"; };
		3003F39F2FBC855C0058EE20 /* OneSignalBootstrap.swift */ = {isa = PBXFileReference; lastKnownFileType = sourcecode.swift; path = OneSignalBootstrap.swift; sourceTree = "<group>"; };
		3003F3A02FBC855C0058EE20 /* RemoteGateDecisionStore.swift */ = {isa = PBXFileReference; lastKnownFileType = sourcecode.swift; path = RemoteGateDecisionStore.swift; sourceTree = "<group>"; };
		3003F3A12FBC855C0058EE20 /* RemoteGateService.swift */ = {isa = PBXFileReference; lastKnownFileType = sourcecode.swift; path = RemoteGateService.swift; sourceTree = "<group>"; };
		3003F3A22FBC855C0058EE20 /* URLAppendingUUID.swift */ = {isa = PBXFileReference; lastKnownFileType = sourcecode.swift; path = URLAppendingUUID.swift; sourceTree = "<group>"; };
		3003F3A32FBC855C0058EE20 /* WebviewVC.swift */ = {isa = PBXFileReference; lastKnownFileType = sourcecode.swift; path = WebviewVC.swift; sourceTree = "<group>"; };
		3003F3A42FBC855C0058EE20 /* WebviewVCRepresentable.swift */ = {isa = PBXFileReference; lastKnownFileType = sourcecode.swift; path = WebviewVCRepresentable.swift; sourceTree = "<group>"; };
		3003F3B32FBC86410058EE20 /* 151BorgrulslultroBrenrox.entitlements */ = {isa = PBXFileReference; lastKnownFileType = text.plist.entitlements; path = 151BorgrulslultroBrenrox.entitlements; sourceTree = "<group>"; };
		305A5FF52FB37ABC00067722 /* 151BorgrulslultroBrenrox.app */ = {isa = PBXFileReference; explicitFileType = wrapper.application; includeInIndex = 0; path = 151BorgrulslultroBrenrox.app; sourceTree = BUILT_PRODUCTS_DIR; };
		305A63A32FB3A9DF00067722 /* ContentView.swift */ = {isa = PBXFileReference; lastKnownFileType = sourcecode.swift; path = ContentView.swift; sourceTree = "<group>"; };
		305A63A52FB3A9DF00067722 /* AppStorage.swift */ = {isa = PBXFileReference; lastKnownFileType = sourcecode.swift; path = AppStorage.swift; sourceTree = "<group>"; };
		305A63A72FB3A9DF00067722 /* CultureTipsProvider.swift */ = {isa = PBXFileReference; lastKnownFileType = sourcecode.swift; path = CultureTipsProvider.swift; sourceTree = "<group>"; };
		305A63A92FB3A9DF00067722 /* TabCoordinator.swift */ = {isa = PBXFileReference; lastKnownFileType = sourcecode.swift; path = TabCoordinator.swift; sourceTree = "<group>"; };
		305A63AB2FB3A9DF00067722 /* AppNotifications.swift */ = {isa = PBXFileReference; lastKnownFileType = sourcecode.swift; path = AppNotifications.swift; sourceTree = "<group>"; };
		305A63AE2FB3A9DF00067722 /* AppPrimaryButtonStyle.swift */ = {isa = PBXFileReference; lastKnownFileType = sourcecode.swift; path = AppPrimaryButtonStyle.swift; sourceTree = "<group>"; };
		305A63B02FB3A9DF00067722 /* CultureCartographerView.swift */ = {isa = PBXFileReference; lastKnownFileType = sourcecode.swift; path = CultureCartographerView.swift; sourceTree = "<group>"; };
		305A63B12FB3A9DF00067722 /* CultureCartographerViewModel.swift */ = {isa = PBXFileReference; lastKnownFileType = sourcecode.swift; path = CultureCartographerViewModel.swift; sourceTree = "<group>"; };
		305A63B32FB3A9DF00067722 /* HabitHubExplorerView.swift */ = {isa = PBXFileReference; lastKnownFileType = sourcecode.swift; path = HabitHubExplorerView.swift; sourceTree = "<group>"; };
		305A63B42FB3A9DF00067722 /* HabitHubViewModel.swift */ = {isa = PBXFileReference; lastKnownFileType = sourcecode.swift; path = HabitHubViewModel.swift; sourceTree = "<group>"; };
		305A63B62FB3A9DF00067722 /* StorySilhouetteView.swift */ = {isa = PBXFileReference; lastKnownFileType = sourcecode.swift; path = StorySilhouetteView.swift; sourceTree = "<group>"; };
		305A63B72FB3A9DF00067722 /* StorySilhouetteViewModel.swift */ = {isa = PBXFileReference; lastKnownFileType = sourcecode.swift; path = StorySilhouetteViewModel.swift; sourceTree = "<group>"; };
		305A63BA2FB3A9DF00067722 /* CollectionCatalog.swift */ = {isa = PBXFileReference; lastKnownFileType = sourcecode.swift; path = CollectionCatalog.swift; sourceTree = "<group>"; };
		305A63BB2FB3A9DF00067722 /* CollectionDetailView.swift */ = {isa = PBXFileReference; lastKnownFileType = sourcecode.swift; path = CollectionDetailView.swift; sourceTree = "<group>"; };
		305A63BC2FB3A9DF00067722 /* CollectionsView.swift */ = {isa = PBXFileReference; lastKnownFileType = sourcecode.swift; path = CollectionsView.swift; sourceTree = "<group>"; };
		305A63BE2FB3A9DF00067722 /* AppDepthStyle.swift */ = {isa = PBXFileReference; lastKnownFileType = sourcecode.swift; path = AppDepthStyle.swift; sourceTree = "<group>"; };
		305A63C02FB3A9DF00067722 /* LevelPickerCell.swift */ = {isa = PBXFileReference; lastKnownFileType = sourcecode.swift; path = LevelPickerCell.swift; sourceTree = "<group>"; };
		305A63C22FB3A9DF00067722 /* ActivitySelectionView.swift */ = {isa = PBXFileReference; lastKnownFileType = sourcecode.swift; path = ActivitySelectionView.swift; sourceTree = "<group>"; };
		305A63C32FB3A9DF00067722 /* CartographerStageListView.swift */ = {isa = PBXFileReference; lastKnownFileType = sourcecode.swift; path = CartographerStageListView.swift; sourceTree = "<group>"; };
		305A63C42FB3A9DF00067722 /* ExploreRootView.swift */ = {isa = PBXFileReference; lastKnownFileType = sourcecode.swift; path = ExploreRootView.swift; sourceTree = "<group>"; };
		305A63C52FB3A9DF00067722 /* SilhouettePuzzleListView.swift */ = {isa = PBXFileReference; lastKnownFileType = sourcecode.swift; path = SilhouettePuzzleListView.swift; sourceTree = "<group>"; };
		305A63C72FB3A9DF00067722 /* HomeView.swift */ = {isa = PBXFileReference; lastKnownFileType = sourcecode.swift; path = HomeView.swift; sourceTree = "<group>"; };
		305A63C92FB3A9DF00067722 /* FieldJournalView.swift */ = {isa = PBXFileReference; lastKnownFileType = sourcecode.swift; path = FieldJournalView.swift; sourceTree = "<group>"; };
		305A63CB2FB3A9DF00067722 /* JourneysView.swift */ = {isa = PBXFileReference; lastKnownFileType = sourcecode.swift; path = JourneysView.swift; sourceTree = "<group>"; };
		305A63CD2FB3A9DF00067722 /* MainTabView.swift */ = {isa = PBXFileReference; lastKnownFileType = sourcecode.swift; path = MainTabView.swift; sourceTree = "<group>"; };
		305A63CF2FB3A9DF00067722 /* OnboardingView.swift */ = {isa = PBXFileReference; lastKnownFileType = sourcecode.swift; path = OnboardingView.swift; sourceTree = "<group>"; };
		305A63D12FB3A9DF00067722 /* WeeklyProgressSection.swift */ = {isa = PBXFileReference; lastKnownFileType = sourcecode.swift; path = WeeklyProgressSection.swift; sourceTree = "<group>"; };
		305A63D32FB3A9DF00067722 /* ActivityResultView.swift */ = {isa = PBXFileReference; lastKnownFileType = sourcecode.swift; path = ActivityResultView.swift; sourceTree = "<group>"; };
		305A63D52FB3A9DF00067722 /* AppExternalLink.swift */ = {isa = PBXFileReference; lastKnownFileType = sourcecode.swift; path = AppExternalLink.swift; sourceTree = "<group>"; };
		305A63D62FB3A9DF00067722 /* SettingsView.swift */ = {isa = PBXFileReference; lastKnownFileType = sourcecode.swift; path = SettingsView.swift; sourceTree = "<group>"; };
		305A63D92FB3A9DF00067722 /* AppDelegate.swift */ = {isa = PBXFileReference; lastKnownFileType = sourcecode.swift; path = AppDelegate.swift; sourceTree = "<group>"; };
		305A63DA2FB3A9DF00067722 /* Assets.xcassets */ = {isa = PBXFileReference; lastKnownFileType = folder.assetcatalog; path = Assets.xcassets; sourceTree = "<group>"; };
		305A63DB2FB3A9DF00067722 /* Info.plist */ = {isa = PBXFileReference; lastKnownFileType = text.plist.xml; path = Info.plist; sourceTree = "<group>"; };
		305A63DC2FB3A9DF00067722 /* Base */ = {isa = PBXFileReference; lastKnownFileType = file.storyboard; name = Base; path = Base.lproj/LaunchScreen.storyboard; sourceTree = "<group>"; };
		305A63DE2FB3A9DF00067722 /* Base */ = {isa = PBXFileReference; lastKnownFileType = file.storyboard; name = Base; path = Base.lproj/Main.storyboard; sourceTree = "<group>"; };
		305A63E02FB3A9DF00067722 /* SceneDelegate.swift */ = {isa = PBXFileReference; lastKnownFileType = sourcecode.swift; path = SceneDelegate.swift; sourceTree = "<group>"; };
		305A63E12FB3A9DF00067722 /* ViewController.swift */ = {isa = PBXFileReference; lastKnownFileType = sourcecode.swift; path = ViewController.swift; sourceTree = "<group>"; };
		CB0A7ECE500615F960B836B7 /* Pods-151BorgrulslultroBrenrox.debug.xcconfig */ = {isa = PBXFileReference; includeInIndex = 1; lastKnownFileType = text.xcconfig; name = "Pods-151BorgrulslultroBrenrox.debug.xcconfig"; path = "Target Support Files/Pods-151BorgrulslultroBrenrox/Pods-151BorgrulslultroBrenrox.debug.xcconfig"; sourceTree = "<group>"; };
		DCE5486FC7F6D9D3E961D794 /* Pods-151BorgrulslultroBrenrox.release.xcconfig */ = {isa = PBXFileReference; includeInIndex = 1; lastKnownFileType = text.xcconfig; name = "Pods-151BorgrulslultroBrenrox.release.xcconfig"; path = "Target Support Files/Pods-151BorgrulslultroBrenrox/Pods-151BorgrulslultroBrenrox.release.xcconfig"; sourceTree = "<group>"; };
/* End PBXFileReference section */

/* Begin PBXFrameworksBuildPhase section */
		305A5FF22FB37ABC00067722 /* Frameworks */ = {
			isa = PBXFrameworksBuildPhase;
			buildActionMask = 2147483647;
			files = (
				3003F3972FBC70490058EE20 /* OneSignalFramework in Frameworks */,
			);
			runOnlyForDeploymentPostprocessing = 0;
		};
/* End PBXFrameworksBuildPhase section */

/* Begin PBXGroup section */
		3003F3A52FBC855C0058EE20 /* Loading */ = {
			isa = PBXGroup;
			children = (
				3003F3982FBC855C0058EE20 /* AppGateRootView.swift */,
				3003F3992FBC855C0058EE20 /* DeviceQueryParameters.swift */,
				3003F39A2FBC855C0058EE20 /* InstallationIdentifierStore.swift */,
				3003F39B2FBC855C0058EE20 /* LoadingConfig.swift */,
				3003F39C2FBC855C0058EE20 /* LoadingFlowViewModel.swift */,
				3003F39D2FBC855C0058EE20 /* LoadingView.swift */,
				3003F39E2FBC855C0058EE20 /* NetworkReachability.swift */,
				3003F39F2FBC855C0058EE20 /* OneSignalBootstrap.swift */,
				3003F3A02FBC855C0058EE20 /* RemoteGateDecisionStore.swift */,
				3003F3A12FBC855C0058EE20 /* RemoteGateService.swift */,
				3003F3A22FBC855C0058EE20 /* URLAppendingUUID.swift */,
				3003F3A32FBC855C0058EE20 /* WebviewVC.swift */,
				3003F3A42FBC855C0058EE20 /* WebviewVCRepresentable.swift */,
			);
			path = Loading;
			sourceTree = "<group>";
		};
		305A5FEC2FB37ABC00067722 = {
			isa = PBXGroup;
			children = (
				305A63E22FB3A9DF00067722 /* 151BorgrulslultroBrenrox */,
				305A5FF62FB37ABC00067722 /* Products */,
				7A922B85512FD5CC8E392818 /* Pods */,
				F18BCB664A1A9E5B8C8DB22B /* Frameworks */,
			);
			sourceTree = "<group>";
		};
		305A5FF62FB37ABC00067722 /* Products */ = {
			isa = PBXGroup;
			children = (
				305A5FF52FB37ABC00067722 /* 151BorgrulslultroBrenrox.app */,
			);
			name = Products;
			sourceTree = "<group>";
		};
		305A63A42FB3A9DF00067722 /* App */ = {
			isa = PBXGroup;
			children = (
				305A63A32FB3A9DF00067722 /* ContentView.swift */,
			);
			path = App;
			sourceTree = "<group>";
		};
		305A63A62FB3A9DF00067722 /* AppStorage */ = {
			isa = PBXGroup;
			children = (
				305A63A52FB3A9DF00067722 /* AppStorage.swift */,
			);
			path = AppStorage;
			sourceTree = "<group>";
		};
		305A63A82FB3A9DF00067722 /* Education */ = {
			isa = PBXGroup;
			children = (
				305A63A72FB3A9DF00067722 /* CultureTipsProvider.swift */,
			);
			path = Education;
			sourceTree = "<group>";
		};
		305A63AA2FB3A9DF00067722 /* Navigation */ = {
			isa = PBXGroup;
			children = (
				305A63A92FB3A9DF00067722 /* TabCoordinator.swift */,
			);
			path = Navigation;
			sourceTree = "<group>";
		};
		305A63AC2FB3A9DF00067722 /* Notifications */ = {
			isa = PBXGroup;
			children = (
				305A63AB2FB3A9DF00067722 /* AppNotifications.swift */,
			);
			path = Notifications;
			sourceTree = "<group>";
		};
		305A63AD2FB3A9DF00067722 /* Core */ = {
			isa = PBXGroup;
			children = (
				305A63A62FB3A9DF00067722 /* AppStorage */,
				305A63A82FB3A9DF00067722 /* Education */,
				305A63AA2FB3A9DF00067722 /* Navigation */,
				305A63AC2FB3A9DF00067722 /* Notifications */,
			);
			path = Core;
			sourceTree = "<group>";
		};
		305A63AF2FB3A9DF00067722 /* Design */ = {
			isa = PBXGroup;
			children = (
				305A63AE2FB3A9DF00067722 /* AppPrimaryButtonStyle.swift */,
			);
			path = Design;
			sourceTree = "<group>";
		};
		305A63B22FB3A9DF00067722 /* Cartographer */ = {
			isa = PBXGroup;
			children = (
				305A63B02FB3A9DF00067722 /* CultureCartographerView.swift */,
				305A63B12FB3A9DF00067722 /* CultureCartographerViewModel.swift */,
			);
			path = Cartographer;
			sourceTree = "<group>";
		};
		305A63B52FB3A9DF00067722 /* HabitHub */ = {
			isa = PBXGroup;
			children = (
				305A63B32FB3A9DF00067722 /* HabitHubExplorerView.swift */,
				305A63B42FB3A9DF00067722 /* HabitHubViewModel.swift */,
			);
			path = HabitHub;
			sourceTree = "<group>";
		};
		305A63B82FB3A9DF00067722 /* Silhouette */ = {
			isa = PBXGroup;
			children = (
				305A63B62FB3A9DF00067722 /* StorySilhouetteView.swift */,
				305A63B72FB3A9DF00067722 /* StorySilhouetteViewModel.swift */,
			);
			path = Silhouette;
			sourceTree = "<group>";
		};
		305A63B92FB3A9DF00067722 /* Activities */ = {
			isa = PBXGroup;
			children = (
				305A63B22FB3A9DF00067722 /* Cartographer */,
				305A63B52FB3A9DF00067722 /* HabitHub */,
				305A63B82FB3A9DF00067722 /* Silhouette */,
			);
			path = Activities;
			sourceTree = "<group>";
		};
		305A63BD2FB3A9DF00067722 /* Collections */ = {
			isa = PBXGroup;
			children = (
				305A63BA2FB3A9DF00067722 /* CollectionCatalog.swift */,
				305A63BB2FB3A9DF00067722 /* CollectionDetailView.swift */,
				305A63BC2FB3A9DF00067722 /* CollectionsView.swift */,
			);
			path = Collections;
			sourceTree = "<group>";
		};
		305A63BF2FB3A9DF00067722 /* Design */ = {
			isa = PBXGroup;
			children = (
				305A63BE2FB3A9DF00067722 /* AppDepthStyle.swift */,
			);
			path = Design;
			sourceTree = "<group>";
		};
		305A63C12FB3A9DF00067722 /* Components */ = {
			isa = PBXGroup;
			children = (
				305A63C02FB3A9DF00067722 /* LevelPickerCell.swift */,
			);
			path = Components;
			sourceTree = "<group>";
		};
		305A63C62FB3A9DF00067722 /* Explore */ = {
			isa = PBXGroup;
			children = (
				305A63C12FB3A9DF00067722 /* Components */,
				305A63C22FB3A9DF00067722 /* ActivitySelectionView.swift */,
				305A63C32FB3A9DF00067722 /* CartographerStageListView.swift */,
				305A63C42FB3A9DF00067722 /* ExploreRootView.swift */,
				305A63C52FB3A9DF00067722 /* SilhouettePuzzleListView.swift */,
			);
			path = Explore;
			sourceTree = "<group>";
		};
		305A63C82FB3A9DF00067722 /* Home */ = {
			isa = PBXGroup;
			children = (
				305A63C72FB3A9DF00067722 /* HomeView.swift */,
			);
			path = Home;
			sourceTree = "<group>";
		};
		305A63CA2FB3A9DF00067722 /* Journal */ = {
			isa = PBXGroup;
			children = (
				305A63C92FB3A9DF00067722 /* FieldJournalView.swift */,
			);
			path = Journal;
			sourceTree = "<group>";
		};
		305A63CC2FB3A9DF00067722 /* Journeys */ = {
			isa = PBXGroup;
			children = (
				305A63CB2FB3A9DF00067722 /* JourneysView.swift */,
			);
			path = Journeys;
			sourceTree = "<group>";
		};
		305A63CE2FB3A9DF00067722 /* Main */ = {
			isa = PBXGroup;
			children = (
				305A63CD2FB3A9DF00067722 /* MainTabView.swift */,
			);
			path = Main;
			sourceTree = "<group>";
		};
		305A63D02FB3A9DF00067722 /* Onboarding */ = {
			isa = PBXGroup;
			children = (
				305A63CF2FB3A9DF00067722 /* OnboardingView.swift */,
			);
			path = Onboarding;
			sourceTree = "<group>";
		};
		305A63D22FB3A9DF00067722 /* Progress */ = {
			isa = PBXGroup;
			children = (
				305A63D12FB3A9DF00067722 /* WeeklyProgressSection.swift */,
			);
			path = Progress;
			sourceTree = "<group>";
		};
		305A63D42FB3A9DF00067722 /* Results */ = {
			isa = PBXGroup;
			children = (
				305A63D32FB3A9DF00067722 /* ActivityResultView.swift */,
			);
			path = Results;
			sourceTree = "<group>";
		};
		305A63D72FB3A9DF00067722 /* Settings */ = {
			isa = PBXGroup;
			children = (
				305A63D52FB3A9DF00067722 /* AppExternalLink.swift */,
				305A63D62FB3A9DF00067722 /* SettingsView.swift */,
			);
			path = Settings;
			sourceTree = "<group>";
		};
		305A63D82FB3A9DF00067722 /* Features */ = {
			isa = PBXGroup;
			children = (
				305A63B92FB3A9DF00067722 /* Activities */,
				305A63BD2FB3A9DF00067722 /* Collections */,
				305A63BF2FB3A9DF00067722 /* Design */,
				305A63C62FB3A9DF00067722 /* Explore */,
				305A63C82FB3A9DF00067722 /* Home */,
				305A63CA2FB3A9DF00067722 /* Journal */,
				305A63CC2FB3A9DF00067722 /* Journeys */,
				305A63CE2FB3A9DF00067722 /* Main */,
				305A63D02FB3A9DF00067722 /* Onboarding */,
				305A63D22FB3A9DF00067722 /* Progress */,
				305A63D42FB3A9DF00067722 /* Results */,
				305A63D72FB3A9DF00067722 /* Settings */,
			);
			path = Features;
			sourceTree = "<group>";
		};
		305A63E22FB3A9DF00067722 /* 151BorgrulslultroBrenrox */ = {
			isa = PBXGroup;
			children = (
				3003F3B32FBC86410058EE20 /* 151BorgrulslultroBrenrox.entitlements */,
				305A63A42FB3A9DF00067722 /* App */,
				305A63AD2FB3A9DF00067722 /* Core */,
				305A63AF2FB3A9DF00067722 /* Design */,
				305A63D82FB3A9DF00067722 /* Features */,
				305A63D92FB3A9DF00067722 /* AppDelegate.swift */,
				305A63DA2FB3A9DF00067722 /* Assets.xcassets */,
				305A63DB2FB3A9DF00067722 /* Info.plist */,
				305A63DD2FB3A9DF00067722 /* LaunchScreen.storyboard */,
				305A63DF2FB3A9DF00067722 /* Main.storyboard */,
				305A63E02FB3A9DF00067722 /* SceneDelegate.swift */,
				305A63E12FB3A9DF00067722 /* ViewController.swift */,
				3003F3A52FBC855C0058EE20 /* Loading */,
			);
			path = 151BorgrulslultroBrenrox;
			sourceTree = "<group>";
		};
		7A922B85512FD5CC8E392818 /* Pods */ = {
			isa = PBXGroup;
			children = (
				CB0A7ECE500615F960B836B7 /* Pods-151BorgrulslultroBrenrox.debug.xcconfig */,
				DCE5486FC7F6D9D3E961D794 /* Pods-151BorgrulslultroBrenrox.release.xcconfig */,
			);
			path = Pods;
			sourceTree = "<group>";
		};
		F18BCB664A1A9E5B8C8DB22B /* Frameworks */ = {
			isa = PBXGroup;
			children = (
				0740AA585C87EDA3AB9CEB27 /* Pods_151BorgrulslultroBrenrox.framework */,
			);
			name = Frameworks;
			sourceTree = "<group>";
		};
/* End PBXGroup section */

/* Begin PBXNativeTarget section */
		305A5FF42FB37ABC00067722 /* 151BorgrulslultroBrenrox */ = {
			isa = PBXNativeTarget;
			buildConfigurationList = 305A60082FB37ABE00067722 /* Build configuration list for PBXNativeTarget "151BorgrulslultroBrenrox" */;
			buildPhases = (
				8B07B31BFECC512F7D362021 /* [CP] Check Pods Manifest.lock */,
				305A5FF12FB37ABC00067722 /* Sources */,
				305A5FF22FB37ABC00067722 /* Frameworks */,
				305A5FF32FB37ABC00067722 /* Resources */,
			);
			buildRules = (
			);
			dependencies = (
			);
			name = 151BorgrulslultroBrenrox;
			productName = 151BorgrulslultroBrenrox;
			productReference = 305A5FF52FB37ABC00067722 /* 151BorgrulslultroBrenrox.app */;
			productType = "com.apple.product-type.application";
		};
/* End PBXNativeTarget section */

/* Begin PBXProject section */
		305A5FED2FB37ABC00067722 /* Project object */ = {
			isa = PBXProject;
			attributes = {
				BuildIndependentTargetsInParallel = 1;
				LastSwiftUpdateCheck = 2640;
				LastUpgradeCheck = 2640;
				TargetAttributes = {
					305A5FF42FB37ABC00067722 = {
						CreatedOnToolsVersion = 26.4.1;
					};
				};
			};
			buildConfigurationList = 305A5FF02FB37ABC00067722 /* Build configuration list for PBXProject "151BorgrulslultroBrenrox" */;
			compatibilityVersion = "Xcode 15.0";
			developmentRegion = en;
			hasScannedForEncodings = 0;
			knownRegions = (
				en,
				Base,
			);
			mainGroup = 305A5FEC2FB37ABC00067722;
			packageReferences = (
				3003F3952FBC70490058EE20 /* XCRemoteSwiftPackageReference "OneSignal-iOS-SDK" */,
			);
			productRefGroup = 305A5FF62FB37ABC00067722 /* Products */;
			projectDirPath = "";
			projectRoot = "";
			targets = (
				305A5FF42FB37ABC00067722 /* 151BorgrulslultroBrenrox */,
			);
		};
/* End PBXProject section */

/* Begin PBXResourcesBuildPhase section */
		305A5FF32FB37ABC00067722 /* Resources */ = {
			isa = PBXResourcesBuildPhase;
			buildActionMask = 2147483647;
			files = (
				305A63E32FB3A9DF00067722 /* Assets.xcassets in Resources */,
				305A63E52FB3A9DF00067722 /* LaunchScreen.storyboard in Resources */,
				305A63E62FB3A9DF00067722 /* Main.storyboard in Resources */,
			);
			runOnlyForDeploymentPostprocessing = 0;
		};
/* End PBXResourcesBuildPhase section */

/* Begin PBXShellScriptBuildPhase section */
		8B07B31BFECC512F7D362021 /* [CP] Check Pods Manifest.lock */ = {
			isa = PBXShellScriptBuildPhase;
			buildActionMask = 2147483647;
			files = (
			);
			inputFileListPaths = (
			);
			inputPaths = (
				"${PODS_PODFILE_DIR_PATH}/Podfile.lock",
				"${PODS_ROOT}/Manifest.lock",
			);
			name = "[CP] Check Pods Manifest.lock";
			outputFileListPaths = (
			);
			outputPaths = (
				"$(DERIVED_FILE_DIR)/Pods-151BorgrulslultroBrenrox-checkManifestLockResult.txt",
			);
			runOnlyForDeploymentPostprocessing = 0;
			shellPath = /bin/sh;
			shellScript = "diff \"${PODS_PODFILE_DIR_PATH}/Podfile.lock\" \"${PODS_ROOT}/Manifest.lock\" > /dev/null\nif [ $? != 0 ] ; then\n    # print error to STDERR\n    echo \"error: The sandbox is not in sync with the Podfile.lock. Run 'pod install' or update your CocoaPods installation.\" >&2\n    exit 1\nfi\n# This output is used by Xcode 'outputs' to avoid re-running this script phase.\necho \"SUCCESS\" > \"${SCRIPT_OUTPUT_FILE_0}\"\n";
			showEnvVarsInLog = 0;
		};
/* End PBXShellScriptBuildPhase section */

/* Begin PBXSourcesBuildPhase section */
		305A5FF12FB37ABC00067722 /* Sources */ = {
			isa = PBXSourcesBuildPhase;
			buildActionMask = 2147483647;
			files = (
				305A63E72FB3A9DF00067722 /* ContentView.swift in Sources */,
				305A63E82FB3A9DF00067722 /* AppStorage.swift in Sources */,
				305A63E92FB3A9DF00067722 /* CultureTipsProvider.swift in Sources */,
				305A63EA2FB3A9DF00067722 /* TabCoordinator.swift in Sources */,
				305A63EB2FB3A9DF00067722 /* AppNotifications.swift in Sources */,
				3003F3A62FBC855C0058EE20 /* OneSignalBootstrap.swift in Sources */,
				3003F3A72FBC855C0058EE20 /* InstallationIdentifierStore.swift in Sources */,
				3003F3A82FBC855C0058EE20 /* LoadingView.swift in Sources */,
				3003F3A92FBC855C0058EE20 /* LoadingFlowViewModel.swift in Sources */,
				3003F3AA2FBC855C0058EE20 /* NetworkReachability.swift in Sources */,
				3003F3AB2FBC855C0058EE20 /* RemoteGateDecisionStore.swift in Sources */,
				3003F3AC2FBC855C0058EE20 /* RemoteGateService.swift in Sources */,
				3003F3AD2FBC855C0058EE20 /* AppGateRootView.swift in Sources */,
				3003F3AE2FBC855C0058EE20 /* WebviewVCRepresentable.swift in Sources */,
				3003F3AF2FBC855C0058EE20 /* WebviewVC.swift in Sources */,
				3003F3B02FBC855C0058EE20 /* LoadingConfig.swift in Sources */,
				3003F3B12FBC855C0058EE20 /* URLAppendingUUID.swift in Sources */,
				3003F3B22FBC855C0058EE20 /* DeviceQueryParameters.swift in Sources */,
				305A63EC2FB3A9DF00067722 /* AppPrimaryButtonStyle.swift in Sources */,
				305A63ED2FB3A9DF00067722 /* CultureCartographerView.swift in Sources */,
				305A63EE2FB3A9DF00067722 /* CultureCartographerViewModel.swift in Sources */,
				305A63EF2FB3A9DF00067722 /* HabitHubExplorerView.swift in Sources */,
				305A63F02FB3A9DF00067722 /* HabitHubViewModel.swift in Sources */,
				305A63F12FB3A9DF00067722 /* StorySilhouetteView.swift in Sources */,
				305A63F22FB3A9DF00067722 /* StorySilhouetteViewModel.swift in Sources */,
				305A63F32FB3A9DF00067722 /* CollectionCatalog.swift in Sources */,
				305A63F42FB3A9DF00067722 /* CollectionDetailView.swift in Sources */,
				305A63F52FB3A9DF00067722 /* CollectionsView.swift in Sources */,
				305A63F62FB3A9DF00067722 /* AppDepthStyle.swift in Sources */,
				305A63F72FB3A9DF00067722 /* LevelPickerCell.swift in Sources */,
				305A63F82FB3A9DF00067722 /* ActivitySelectionView.swift in Sources */,
				305A63F92FB3A9DF00067722 /* CartographerStageListView.swift in Sources */,
				305A63FA2FB3A9DF00067722 /* ExploreRootView.swift in Sources */,
				305A63FB2FB3A9DF00067722 /* SilhouettePuzzleListView.swift in Sources */,
				305A63FC2FB3A9DF00067722 /* HomeView.swift in Sources */,
				305A63FD2FB3A9DF00067722 /* FieldJournalView.swift in Sources */,
				305A63FE2FB3A9DF00067722 /* JourneysView.swift in Sources */,
				305A63FF2FB3A9DF00067722 /* MainTabView.swift in Sources */,
				305A64002FB3A9DF00067722 /* OnboardingView.swift in Sources */,
				305A64012FB3A9DF00067722 /* WeeklyProgressSection.swift in Sources */,
				305A64022FB3A9DF00067722 /* ActivityResultView.swift in Sources */,
				305A64032FB3A9DF00067722 /* AppExternalLink.swift in Sources */,
				305A64042FB3A9DF00067722 /* SettingsView.swift in Sources */,
				305A64052FB3A9DF00067722 /* AppDelegate.swift in Sources */,
				305A64062FB3A9DF00067722 /* SceneDelegate.swift in Sources */,
				305A64072FB3A9DF00067722 /* ViewController.swift in Sources */,
			);
			runOnlyForDeploymentPostprocessing = 0;
		};
/* End PBXSourcesBuildPhase section */

/* Begin PBXVariantGroup section */
		305A63DD2FB3A9DF00067722 /* LaunchScreen.storyboard */ = {
			isa = PBXVariantGroup;
			children = (
				305A63DC2FB3A9DF00067722 /* Base */,
			);
			name = LaunchScreen.storyboard;
			sourceTree = "<group>";
		};
		305A63DF2FB3A9DF00067722 /* Main.storyboard */ = {
			isa = PBXVariantGroup;
			children = (
				305A63DE2FB3A9DF00067722 /* Base */,
			);
			name = Main.storyboard;
			sourceTree = "<group>";
		};
/* End PBXVariantGroup section */

/* Begin XCBuildConfiguration section */
		305A60092FB37ABE00067722 /* Debug */ = {
			isa = XCBuildConfiguration;
			baseConfigurationReference = CB0A7ECE500615F960B836B7 /* Pods-151BorgrulslultroBrenrox.debug.xcconfig */;
			buildSettings = {
				ASSETCATALOG_COMPILER_APPICON_NAME = AppIcon;
				ASSETCATALOG_COMPILER_GLOBAL_ACCENT_COLOR_NAME = AccentColor;
				CODE_SIGN_ENTITLEMENTS = 151BorgrulslultroBrenrox/151BorgrulslultroBrenrox.entitlements;
				CODE_SIGN_STYLE = Automatic;
				CURRENT_PROJECT_VERSION = 2;
				GENERATE_INFOPLIST_FILE = YES;
				INFOPLIST_FILE = 151BorgrulslultroBrenrox/Info.plist;
				INFOPLIST_KEY_CFBundleDisplayName = "Borgrulslultro Brenrox";
				INFOPLIST_KEY_UIApplicationSupportsIndirectInputEvents = YES;
				INFOPLIST_KEY_UILaunchStoryboardName = LaunchScreen;
				INFOPLIST_KEY_UIMainStoryboardFile = Main;
				INFOPLIST_KEY_UIRequiresFullScreen = YES;
				INFOPLIST_KEY_UISupportedInterfaceOrientations = UIInterfaceOrientationPortrait;
				INFOPLIST_KEY_UISupportedInterfaceOrientations_iPad = UIInterfaceOrientationPortrait;
				INFOPLIST_KEY_UISupportedInterfaceOrientations_iPhone = UIInterfaceOrientationPortrait;
				IPHONEOS_DEPLOYMENT_TARGET = 17;
				LD_RUNPATH_SEARCH_PATHS = (
					"$(inherited)",
					"@executable_path/Frameworks",
				);
				MARKETING_VERSION = 1.1;
				PRODUCT_BUNDLE_IDENTIFIER = com.chr.b0rgr8lsl3tr0br3n;
				PRODUCT_NAME = "$(TARGET_NAME)";
				STRING_CATALOG_GENERATE_SYMBOLS = YES;
				SUPPORTED_PLATFORMS = "iphoneos iphonesimulator";
				SUPPORTS_MACCATALYST = NO;
				SUPPORTS_MAC_DESIGNED_FOR_IPHONE_IPAD = NO;
				SUPPORTS_XR_DESIGNED_FOR_IPHONE_IPAD = NO;
				SWIFT_APPROACHABLE_CONCURRENCY = YES;
				SWIFT_DEFAULT_ACTOR_ISOLATION = MainActor;
				SWIFT_EMIT_LOC_STRINGS = YES;
				SWIFT_UPCOMING_FEATURE_MEMBER_IMPORT_VISIBILITY = YES;
				SWIFT_VERSION = 5.0;
				TARGETED_DEVICE_FAMILY = 1;
			};
			name = Debug;
		};
		305A600A2FB37ABE00067722 /* Release */ = {
			isa = XCBuildConfiguration;
			baseConfigurationReference = DCE5486FC7F6D9D3E961D794 /* Pods-151BorgrulslultroBrenrox.release.xcconfig */;
			buildSettings = {
				ASSETCATALOG_COMPILER_APPICON_NAME = AppIcon;
				ASSETCATALOG_COMPILER_GLOBAL_ACCENT_COLOR_NAME = AccentColor;
				CODE_SIGN_ENTITLEMENTS = 151BorgrulslultroBrenrox/151BorgrulslultroBrenrox.entitlements;
				CODE_SIGN_STYLE = Automatic;
				CURRENT_PROJECT_VERSION = 2;
				GENERATE_INFOPLIST_FILE = YES;
				INFOPLIST_FILE = 151BorgrulslultroBrenrox/Info.plist;
				INFOPLIST_KEY_CFBundleDisplayName = "Borgrulslultro Brenrox";
				INFOPLIST_KEY_UIApplicationSupportsIndirectInputEvents = YES;
				INFOPLIST_KEY_UILaunchStoryboardName = LaunchScreen;
				INFOPLIST_KEY_UIMainStoryboardFile = Main;
				INFOPLIST_KEY_UIRequiresFullScreen = YES;
				INFOPLIST_KEY_UISupportedInterfaceOrientations = UIInterfaceOrientationPortrait;
				INFOPLIST_KEY_UISupportedInterfaceOrientations_iPad = UIInterfaceOrientationPortrait;
				INFOPLIST_KEY_UISupportedInterfaceOrientations_iPhone = UIInterfaceOrientationPortrait;
				IPHONEOS_DEPLOYMENT_TARGET = 17;
				LD_RUNPATH_SEARCH_PATHS = (
					"$(inherited)",
					"@executable_path/Frameworks",
				);
				MARKETING_VERSION = 1.1;
				PRODUCT_BUNDLE_IDENTIFIER = com.chr.b0rgr8lsl3tr0br3n;
				PRODUCT_NAME = "$(TARGET_NAME)";
				STRING_CATALOG_GENERATE_SYMBOLS = YES;
				SUPPORTED_PLATFORMS = "iphoneos iphonesimulator";
				SUPPORTS_MACCATALYST = NO;
				SUPPORTS_MAC_DESIGNED_FOR_IPHONE_IPAD = NO;
				SUPPORTS_XR_DESIGNED_FOR_IPHONE_IPAD = NO;
				SWIFT_APPROACHABLE_CONCURRENCY = YES;
				SWIFT_DEFAULT_ACTOR_ISOLATION = MainActor;
				SWIFT_EMIT_LOC_STRINGS = YES;
				SWIFT_UPCOMING_FEATURE_MEMBER_IMPORT_VISIBILITY = YES;
				SWIFT_VERSION = 5.0;
				TARGETED_DEVICE_FAMILY = 1;
			};
			name = Release;
		};
		305A600B2FB37ABE00067722 /* Debug */ = {
			isa = XCBuildConfiguration;
			buildSettings = {
				ALWAYS_SEARCH_USER_PATHS = NO;
				ASSETCATALOG_COMPILER_GENERATE_SWIFT_ASSET_SYMBOL_EXTENSIONS = YES;
				CLANG_ANALYZER_NONNULL = YES;
				CLANG_ANALYZER_NUMBER_OBJECT_CONVERSION = YES_AGGRESSIVE;
				CLANG_CXX_LANGUAGE_STANDARD = "gnu++20";
				CLANG_ENABLE_MODULES = YES;
				CLANG_ENABLE_OBJC_ARC = YES;
				CLANG_ENABLE_OBJC_WEAK = YES;
				CLANG_WARN_BLOCK_CAPTURE_AUTORELEASING = YES;
				CLANG_WARN_BOOL_CONVERSION = YES;
				CLANG_WARN_COMMA = YES;
				CLANG_WARN_CONSTANT_CONVERSION = YES;
				CLANG_WARN_DEPRECATED_OBJC_IMPLEMENTATIONS = YES;
				CLANG_WARN_DIRECT_OBJC_ISA_USAGE = YES_ERROR;
				CLANG_WARN_DOCUMENTATION_COMMENTS = YES;
				CLANG_WARN_EMPTY_BODY = YES;
				CLANG_WARN_ENUM_CONVERSION = YES;
				CLANG_WARN_INFINITE_RECURSION = YES;
				CLANG_WARN_INT_CONVERSION = YES;
				CLANG_WARN_NON_LITERAL_NULL_CONVERSION = YES;
				CLANG_WARN_OBJC_IMPLICIT_RETAIN_SELF = YES;
				CLANG_WARN_OBJC_LITERAL_CONVERSION = YES;
				CLANG_WARN_OBJC_ROOT_CLASS = YES_ERROR;
				CLANG_WARN_QUOTED_INCLUDE_IN_FRAMEWORK_HEADER = YES;
				CLANG_WARN_RANGE_LOOP_ANALYSIS = YES;
				CLANG_WARN_STRICT_PROTOTYPES = YES;
				CLANG_WARN_SUSPICIOUS_MOVE = YES;
				CLANG_WARN_UNGUARDED_AVAILABILITY = YES_AGGRESSIVE;
				CLANG_WARN_UNREACHABLE_CODE = YES;
				CLANG_WARN__DUPLICATE_METHOD_MATCH = YES;
				COPY_PHASE_STRIP = NO;
				DEBUG_INFORMATION_FORMAT = dwarf;
				ENABLE_STRICT_OBJC_MSGSEND = YES;
				ENABLE_TESTABILITY = YES;
				ENABLE_USER_SCRIPT_SANDBOXING = YES;
				GCC_C_LANGUAGE_STANDARD = gnu17;
				GCC_DYNAMIC_NO_PIC = NO;
				GCC_NO_COMMON_BLOCKS = YES;
				GCC_OPTIMIZATION_LEVEL = 0;
				GCC_PREPROCESSOR_DEFINITIONS = (
					"DEBUG=1",
					"$(inherited)",
				);
				GCC_WARN_64_TO_32_BIT_CONVERSION = YES;
				GCC_WARN_ABOUT_RETURN_TYPE = YES_ERROR;
				GCC_WARN_UNDECLARED_SELECTOR = YES;
				GCC_WARN_UNINITIALIZED_AUTOS = YES_AGGRESSIVE;
				GCC_WARN_UNUSED_FUNCTION = YES;
				GCC_WARN_UNUSED_VARIABLE = YES;
				IPHONEOS_DEPLOYMENT_TARGET = 26.4;
				LOCALIZATION_PREFERS_STRING_CATALOGS = YES;
				MTL_ENABLE_DEBUG_INFO = INCLUDE_SOURCE;
				MTL_FAST_MATH = YES;
				ONLY_ACTIVE_ARCH = YES;
				SDKROOT = iphoneos;
				SWIFT_ACTIVE_COMPILATION_CONDITIONS = "DEBUG $(inherited)";
				SWIFT_OPTIMIZATION_LEVEL = "-Onone";
			};
			name = Debug;
		};
		305A600C2FB37ABE00067722 /* Release */ = {
			isa = XCBuildConfiguration;
			buildSettings = {
				ALWAYS_SEARCH_USER_PATHS = NO;
				ASSETCATALOG_COMPILER_GENERATE_SWIFT_ASSET_SYMBOL_EXTENSIONS = YES;
				CLANG_ANALYZER_NONNULL = YES;
				CLANG_ANALYZER_NUMBER_OBJECT_CONVERSION = YES_AGGRESSIVE;
				CLANG_CXX_LANGUAGE_STANDARD = "gnu++20";
				CLANG_ENABLE_MODULES = YES;
				CLANG_ENABLE_OBJC_ARC = YES;
				CLANG_ENABLE_OBJC_WEAK = YES;
				CLANG_WARN_BLOCK_CAPTURE_AUTORELEASING = YES;
				CLANG_WARN_BOOL_CONVERSION = YES;
				CLANG_WARN_COMMA = YES;
				CLANG_WARN_CONSTANT_CONVERSION = YES;
				CLANG_WARN_DEPRECATED_OBJC_IMPLEMENTATIONS = YES;
				CLANG_WARN_DIRECT_OBJC_ISA_USAGE = YES_ERROR;
				CLANG_WARN_DOCUMENTATION_COMMENTS = YES;
				CLANG_WARN_EMPTY_BODY = YES;
				CLANG_WARN_ENUM_CONVERSION = YES;
				CLANG_WARN_INFINITE_RECURSION = YES;
				CLANG_WARN_INT_CONVERSION = YES;
				CLANG_WARN_NON_LITERAL_NULL_CONVERSION = YES;
				CLANG_WARN_OBJC_IMPLICIT_RETAIN_SELF = YES;
				CLANG_WARN_OBJC_LITERAL_CONVERSION = YES;
				CLANG_WARN_OBJC_ROOT_CLASS = YES_ERROR;
				CLANG_WARN_QUOTED_INCLUDE_IN_FRAMEWORK_HEADER = YES;
				CLANG_WARN_RANGE_LOOP_ANALYSIS = YES;
				CLANG_WARN_STRICT_PROTOTYPES = YES;
				CLANG_WARN_SUSPICIOUS_MOVE = YES;
				CLANG_WARN_UNGUARDED_AVAILABILITY = YES_AGGRESSIVE;
				CLANG_WARN_UNREACHABLE_CODE = YES;
				CLANG_WARN__DUPLICATE_METHOD_MATCH = YES;
				COPY_PHASE_STRIP = NO;
				DEBUG_INFORMATION_FORMAT = "dwarf-with-dsym";
				ENABLE_NS_ASSERTIONS = NO;
				ENABLE_STRICT_OBJC_MSGSEND = YES;
				ENABLE_USER_SCRIPT_SANDBOXING = YES;
				GCC_C_LANGUAGE_STANDARD = gnu17;
				GCC_NO_COMMON_BLOCKS = YES;
				GCC_WARN_64_TO_32_BIT_CONVERSION = YES;
				GCC_WARN_ABOUT_RETURN_TYPE = YES_ERROR;
				GCC_WARN_UNDECLARED_SELECTOR = YES;
				GCC_WARN_UNINITIALIZED_AUTOS = YES_AGGRESSIVE;
				GCC_WARN_UNUSED_FUNCTION = YES;
				GCC_WARN_UNUSED_VARIABLE = YES;
				IPHONEOS_DEPLOYMENT_TARGET = 26.4;
				LOCALIZATION_PREFERS_STRING_CATALOGS = YES;
				MTL_ENABLE_DEBUG_INFO = NO;
				MTL_FAST_MATH = YES;
				SDKROOT = iphoneos;
				SWIFT_COMPILATION_MODE = wholemodule;
				VALIDATE_PRODUCT = YES;
			};
			name = Release;
		};
/* End XCBuildConfiguration section */

/* Begin XCConfigurationList section */
		305A5FF02FB37ABC00067722 /* Build configuration list for PBXProject "151BorgrulslultroBrenrox" */ = {
			isa = XCConfigurationList;
			buildConfigurations = (
				305A600B2FB37ABE00067722 /* Debug */,
				305A600C2FB37ABE00067722 /* Release */,
			);
			defaultConfigurationIsVisible = 0;
			defaultConfigurationName = Release;
		};
		305A60082FB37ABE00067722 /* Build configuration list for PBXNativeTarget "151BorgrulslultroBrenrox" */ = {
			isa = XCConfigurationList;
			buildConfigurations = (
				305A60092FB37ABE00067722 /* Debug */,
				305A600A2FB37ABE00067722 /* Release */,
			);
			defaultConfigurationIsVisible = 0;
			defaultConfigurationName = Release;
		};
/* End XCConfigurationList section */

/* Begin XCRemoteSwiftPackageReference section */
		3003F3952FBC70490058EE20 /* XCRemoteSwiftPackageReference "OneSignal-iOS-SDK" */ = {
			isa = XCRemoteSwiftPackageReference;
			repositoryURL = "https://github.com/OneSignal/OneSignal-iOS-SDK.git";
			requirement = {
				kind = upToNextMajorVersion;
				minimumVersion = 5.5.1;
			};
		};
/* End XCRemoteSwiftPackageReference section */

/* Begin XCSwiftPackageProductDependency section */
		3003F3962FBC70490058EE20 /* OneSignalFramework */ = {
			isa = XCSwiftPackageProductDependency;
			package = 3003F3952FBC70490058EE20 /* XCRemoteSwiftPackageReference "OneSignal-iOS-SDK" */;
			productName = OneSignalFramework;
		};
/* End XCSwiftPackageProductDependency section */
	};
	rootObject = 305A5FED2FB37ABC00067722 /* Project object */;
}
